
Microsoft Visual Studio Solution File, Format Version 12.00
# Visual Studio Version 17
VisualStudioVersion = 17.0.31903.59
MinimumVisualStudioVersion = 10.0.40219.1
Project("{2150E333-8FDC-42A3-9474-1A3956D46DE8}") = "Domain", "Domain", "{996CEBED-A05B-5D42-3FF0-982E087A2599}"
EndProject
Project("{FAE04EC0-301F-11D3-BF4B-00C04F79EFBC}") = "MadeByMe.Domain", "Domain\MadeByMe.Domain.csproj", "{FCCD81D3-6C07-4B3A-88B5-3C2B35B98986}"
EndProject
Project("{2150E333-8FDC-42A3-9474-1A3956D46DE8}") = "Application", "Application", "{A74F262E-BDE7-D5D2-89E9-785413424D0A}"
EndProject
Project("{FAE04EC0-301F-11D3-BF4B-00C04F79EFBC}") = "MadeByMe.Application", "Application\MadeByMe.Application.csproj", "{D4617024-269D-4D83-97B2-8ADA6840FB10}"
EndProject
Project("{2150E333-8FDC-42A3-9474-1A3956D46DE8}") = "Infrastructure", "Infrastructure", "{DFEE68D8-A7D0-1A41-506C-9B74AA9A7B7B}"
EndProject
Project("{FAE04EC0-301F-11D3-BF4B-00C04F79EFBC}") = "MadeByMe.Infrastructure", "Infrastructure\MadeByMe.Infrastructure.csproj", "{092FD33E-F84A-4406-922C-29810BE6183E}"
EndProject
Project("{2150E333-8FDC-42A3-9474-1A3956D46DE8}") = "Tests", "Tests", "{0AB3BF05-4346-4AA6-1389-037BE0695223}"
EndProject
Project("{FAE04EC0-301F-11D3-BF4B-00C04F79EFBC}") = "MadeByMe.Tests", "Tests\MadeByMe.Tests.csproj", "{291906B9-5A5C-4595-AE20-71D221411939}"
EndProject
Project("{2150E333-8FDC-42A3-9474-1A3956D46DE8}") = "Web", "Web", "{256F4E96-6A73-9ABE-786F-840C672A50F4}"
EndProject
Project("{FAE04EC0-301F-11D3-BF4B-00C04F79EFBC}") = "MadeByMe.Web", "Web\MadeByMe.Web.csproj", "{207F2B78-4190-4886-9847-F0BA74F2A274}"
EndProject
Global
	GlobalSection(SolutionConfigurationPlatforms) = preSolution
		Debug|Any CPU = Debug|Any CPU
		Debug|x64 = Debug|x64
		Debug|x86 = Debug|x86
		Release|Any CPU = Release|Any CPU
		Release|x64 = Release|x64
		Release|x86 = Release|x86
	EndGlobalSection
	GlobalSection(ProjectConfigurationPlatforms) = postSolution
		{FCCD81D3-6C07-4B3A-88B5-3C2B35B98986}.Debug|Any CPU.ActiveCfg = Debug|Any CPU
		{FCCD81D3-6C07-4B3A-88B5-3C2B35B98986}.Debug|Any CPU.Build.0 = Debug|Any CPU
		{FCCD81D3-6C07-4B3A-88B5-3C2B35B98986}.Debug|x64.ActiveCfg = Debug|Any CPU
		{FCCD81D3-6C07-4B3A-88B5-3C2B35B98986}.Debug|x64.Build.0 = Debug|Any CPU
		{FCCD81D3-6C07-4B3A-88B5-3C2B35B98986}.Debug|x86.ActiveCfg = Debug|Any CPU
		{FCCD81D3-6C07-4B3A-88B5-3C2B35B98986}.Debug|x86.Build.0 = Debug|Any CPU
		{FCCD81D3-6C07-4B3A-88B5-3C2B35B98986}.Release|Any CPU.ActiveCfg = Release|Any CPU
		{FCCD81D3-6C07-4B3A-88B5-3C2B35B98986}.Release|Any CPU.Build.0 = Release|Any CPU
		{FCCD81D3-6C07-4B3A-88B5-3C2B35B98986}.Release|x64.ActiveCfg = Release|Any CPU
		{FCCD81D3-6C07-4B3A-88B5-3C2B35B98986}.Release|x64.Build.0 = Release|Any CPU
		{FCCD81D3-6C07-4B3A-88B5-3C2B35B98986}.Release|x86.ActiveCfg = Release|Any CPU
		{FCCD81D3-6C07-4B3A-88B5-3C2B35B98986}.Release|x86.Build.0 = Release|Any CPU
		{D4617024-269D-4D83-97B2-8ADA6840FB10}.Debug|Any CPU.ActiveCfg = Debug|Any CPU
		{D4617024-269D-4D83-97B2-8ADA6840FB10}.Debug|Any CPU.Build.0 = Debug|Any CPU
		{D4617024-269D-4D83-97B2-8ADA6840FB10}.Debug|x64.ActiveCfg = Debug|Any CPU
		{D4617024-269D-4D83-97B2-8ADA6840FB10}.Debug|x64.Build.0 = Debug|Any CPU
		{D4617024-269D-4D83-97B2-8ADA6840FB10}.Debug|x86.ActiveCfg = Debug|Any CPU
		{D4617024-269D-4D83-97B2-8ADA6840FB10}.Debug|x86.Build.0 = Debug|Any CPU
		{D4617024-269D-4D83-97B2-8ADA6840FB10}.Release|Any CPU.ActiveCfg = Release|Any CPU
		{D4617024-269D-4D83-97B2-8ADA6840FB10}.Release|Any CPU.Build.0 = Release|Any CPU
		{D4617024-269D-4D83-97B2-8ADA6840FB10}.Release|x64.ActiveCfg = Release|Any CPU
		{D4617024-269D-4D83-97B2-8ADA6840FB10}.Release|x64.Build.0 = Release|Any CPU
		{D4617024-269D-4D83-97B2-8ADA6840FB10}.Release|x86.ActiveCfg = Release|Any CPU
		{D4617024-269D-4D83-97B2-8ADA6840FB10}.Release|x86.Build.0 = Release|Any CPU
		{092FD33E-F84A-4406-922C-29810BE6183E}.Debug|Any CPU.ActiveCfg = Debug|Any CPU
		{092FD33E-F84A-4406-922C-29810BE6183E}.Debug|Any CPU.Build.0 = Debug|Any CPU
		{092FD33E-F84A-4406-922C-29810BE6183E}.Debug|x64.ActiveCfg = Debug|Any CPU
		{092FD33E-F84A-4406-922C-29810BE6183E}.Debug|x64.Build.0 = Debug|Any CPU
		{092FD33E-F84A-4406-922C-29810BE6183E}.Debug|x86.ActiveCfg = Debug|Any CPU
		{092FD33E-F84A-4406-922C-29810BE6183E}.Debug|x86.Build.0 = Debug|Any CPU
		{092FD33E-F84A-4406-922C-29810BE6183E}.Release|Any CPU.ActiveCfg = Release|Any CPU
		{092FD33E-F84A-4406-922C-29810BE6183E}.Release|Any CPU.Build.0 = Release|Any CPU
		{092FD33E-F84A-4406-922C-29810BE6183E}.Release|x64.ActiveCfg = Release|Any CPU
		{092FD33E-F84A-4406-922C-29810BE6183E}.Release|x64.Build.0 = Release|Any CPU
		{092FD33E-F84A-4406-922C-29810BE6183E}.Release|x86.ActiveCfg = Release|Any CPU
		{092FD33E-F84A-4406-922C-29810BE6183E}.Release|x86.Build.0 = Release|Any CPU
		{291906B9-5A5C-4595-AE20-71D221411939}.Debug|Any CPU.ActiveCfg = Debug|Any CPU
		{291906B9-5A5C-4595-AE20-71D221411939}.Debug|Any CPU.Build.0 = Debug|Any CPU
		{291906B9-5A5C-4595-AE20-71D221411939}.Debug|x64.ActiveCfg = Debug|Any CPU
		{291906B9-5A5C-4595-AE20-71D221411939}.Debug|x64.Build.0 = Debug|Any CPU
		{291906B9-5A5C-4595-AE20-71D221411939}.Debug|x86.ActiveCfg = Debug|Any CPU
		{291906B9-5A5C-4595-AE20-71D221411939}.Debug|x86.Build.0 = Debug|Any CPU
		{291906B9-5A5C-4595-AE20-71D221411939}.Release|Any CPU.ActiveCfg = Release|Any CPU
		{291906B9-5A5C-4595-AE20-71D221411939}.Release|Any CPU.Build.0 = Release|Any CPU
		{291906B9-5A5C-4595-AE20-71D221411939}.Release|x64.ActiveCfg = Release|Any CPU
		{291906B9-5A5C-4595-AE20-71D221411939}.Release|x64.Build.0 = Release|Any CPU
		{291906B9-5A5C-4595-AE20-71D221411939}.Release|x86.ActiveCfg = Release|Any CPU
		{291906B9-5A5C-4595-AE20-71D221411939}.Release|x86.Build.0 = Release|Any CPU
		{207F2B78-4190-4886-9847-F0BA74F2A274}.Debug|Any CPU.ActiveCfg = Debug|Any CPU
		{207F2B78-4190-4886-9847-F0BA74F2A274}.Debug|Any CPU.Build.0 = Debug|Any CPU
		{207F2B78-4190-4886-9847-F0BA74F2A274}.Debug|x64.ActiveCfg = Debug|Any CPU
		{207F2B78-4190-4886-9847-F0BA74F2A274}.Debug|x64.Build.0 = Debug|Any CPU
		{207F2B78-4190-4886-9847-F0BA74F2A274}.Debug|x86.ActiveCfg = Debug|Any CPU
		{207F2B78-4190-4886-9847-F0BA74F2A274}.Debug|x86.Build.0 = Debug|Any CPU
		{207F2B78-4190-4886-9847-F0BA74F2A274}.Release|Any CPU.ActiveCfg = Release|Any CPU
		{207F2B78-4190-4886-9847-F0BA74F2A274}.Release|Any CPU.Build.0 = Release|Any CPU
		{207F2B78-4190-4886-9847-F0BA74F2A274}.Release|x64.ActiveCfg = Release|Any CPU
		{207F2B78-4190-4886-9847-F0BA74F2A274}.Release|x64.Build.0 = Release|Any CPU
		{207F2B78-4190-4886-9847-F0BA74F2A274}.Release|x86.ActiveCfg = Release|Any CPU
		{207F2B78-4190-4886-9847-F0BA74F2A274}.Release|x86.Build.0 = Release|Any CPU
	EndGlobalSection
	GlobalSection(SolutionProperties) = preSolution
		HideSolutionNode = FALSE
	EndGlobalSection
	GlobalSection(NestedProjects) = preSolution
		{FCCD81D3-6C07-4B3A-88B5-3C2B35B98986} = {996CEBED-A05B-5D42-3FF0-982E087A2599}
		{D4617024-269D-4D83-97B2-8ADA6840FB10} = {A74F262E-BDE7-D5D2-89E9-785413424D0A}
		{092FD33E-F84A-4406-922C-29810BE6183E} = {DFEE68D8-A7D0-1A41-506C-9B74AA9A7B7B}
		{291906B9-5A5C-4595-AE20-71D221411939} = {0AB3BF05-4346-4AA6-1389-037BE0695223}
		{207F2B78-4190-4886-9847-F0BA74F2A274} = {256F4E96-6A73-9ABE-786F-840C672A50F4}
	EndGlobalSection
EndGlobal
