
Microsoft Visual Studio Solution File, Format Version 12.00
Project("{FAE04EC0-301F-11D3-BF4B-00C04F79EFBC}") = "MadeByMe", "MadeByMe\MadeByMe.csproj", "{E9A41E96-6923-4088-BB9B-CFCB0F057D2D}"
EndProject
Global
	GlobalSection(SolutionConfigurationPlatforms) = preSolution
		Debug|Any CPU = Debug|Any CPU
		Release|Any CPU = Release|Any CPU
	EndGlobalSection
	GlobalSection(ProjectConfigurationPlatforms) = postSolution
		{E9A41E96-6923-4088-BB9B-CFCB0F057D2D}.Debug|Any CPU.ActiveCfg = Debug|Any CPU
		{E9A41E96-6923-4088-BB9B-CFCB0F057D2D}.Debug|Any CPU.Build.0 = Debug|Any CPU
		{E9A41E96-6923-4088-BB9B-CFCB0F057D2D}.Release|Any CPU.ActiveCfg = Release|Any CPU
		{E9A41E96-6923-4088-BB9B-CFCB0F057D2D}.Release|Any CPU.Build.0 = Release|Any CPU
	EndGlobalSection
EndGlobal
